
Microsoft Visual Studio Solution File, Format Version 12.00
# Visual Studio 2012
Project("{FAE04EC0-301F-11D3-BF4B-00C04F79EFBC}") = "Application.Web.UI", "Application.Web.UI\Application.Web.UI.csproj", "{32EF8C60-FC02-4E34-9FBA-C052B6508229}"
	ProjectSection(ProjectDependencies) = postProject
		{F2679D9D-14F5-4295-9966-F191BDB9937B} = {F2679D9D-14F5-4295-9966-F191BDB9937B}
	EndProjectSection
EndProject
Project("{FAE04EC0-301F-11D3-BF4B-00C04F79EFBC}") = "Application.Web.UI.Tests", "Application.Web.UI.Tests\Application.Web.UI.Tests.csproj", "{D522A7F2-F8AD-454D-B064-F0F9B9E3B6E3}"
	ProjectSection(ProjectDependencies) = postProject
		{F2679D9D-14F5-4295-9966-F191BDB9937B} = {F2679D9D-14F5-4295-9966-F191BDB9937B}
	EndProjectSection
EndProject
Project("{2150E333-8FDC-42A3-9474-1A3956D46DE8}") = ".nuget", ".nuget", "{BFA23D36-C3E4-419E-BC48-F4FB7BF3ABA1}"
	ProjectSection(SolutionItems) = preProject
		.nuget\packages.config = .nuget\packages.config
	EndProjectSection
EndProject
Project("{FAE04EC0-301F-11D3-BF4B-00C04F79EFBC}") = "LocalisationResourcesConverter.Console", "LocalisationResourcesConverter.Console\LocalisationResourcesConverter.Console.csproj", "{F2679D9D-14F5-4295-9966-F191BDB9937B}"
EndProject
Project("{FAE04EC0-301F-11D3-BF4B-00C04F79EFBC}") = "Application.DataAccessFramework", "Application.DataAccessFramework\Application.DataAccessFramework.csproj", "{D9F88E56-04AB-472D-9202-1DDCB40C7A36}"
EndProject
Project("{FAE04EC0-301F-11D3-BF4B-00C04F79EFBC}") = "Application.Repositories", "Application.Repositories\Application.Repositories.csproj", "{300A7085-6F85-47E6-A56D-9E4E2B1F15DD}"
EndProject
Project("{FAE04EC0-301F-11D3-BF4B-00C04F79EFBC}") = "Application.Services", "Application.Services\Application.Services.csproj", "{AC5974DF-E79F-4799-856C-8CDB692D0AD2}"
EndProject
Project("{FAE04EC0-301F-11D3-BF4B-00C04F79EFBC}") = "Application.Services.Utilities", "Application.Services.Utilities\Application.Services.Utilities.csproj", "{E5A8455A-24C9-48E6-B2B3-EA8CEED5E0FE}"
EndProject
Project("{FAE04EC0-301F-11D3-BF4B-00C04F79EFBC}") = "Application.Services.Extensions", "Application.Services.Extensions\Application.Services.Extensions.csproj", "{A6086351-0F40-4C3F-A338-2F11E654D69E}"
EndProject
Project("{FAE04EC0-301F-11D3-BF4B-00C04F79EFBC}") = "Application.IoC", "Application.IoC\Application.IoC.csproj", "{95A3A6D3-0F7B-4EF5-B3DE-8544110902C5}"
EndProject
Project("{FAE04EC0-301F-11D3-BF4B-00C04F79EFBC}") = "Application.ViewModels", "Application.ViewModels\Application.ViewModels.csproj", "{B9F792B4-D9AF-467B-AA28-99531FE87D11}"
EndProject
Global
	GlobalSection(SolutionConfigurationPlatforms) = preSolution
		Debug|Any CPU = Debug|Any CPU
		Release|Any CPU = Release|Any CPU
	EndGlobalSection
	GlobalSection(ProjectConfigurationPlatforms) = postSolution
		{32EF8C60-FC02-4E34-9FBA-C052B6508229}.Debug|Any CPU.ActiveCfg = Debug|Any CPU
		{32EF8C60-FC02-4E34-9FBA-C052B6508229}.Debug|Any CPU.Build.0 = Debug|Any CPU
		{32EF8C60-FC02-4E34-9FBA-C052B6508229}.Release|Any CPU.ActiveCfg = Release|Any CPU
		{32EF8C60-FC02-4E34-9FBA-C052B6508229}.Release|Any CPU.Build.0 = Release|Any CPU
		{D522A7F2-F8AD-454D-B064-F0F9B9E3B6E3}.Debug|Any CPU.ActiveCfg = Debug|Any CPU
		{D522A7F2-F8AD-454D-B064-F0F9B9E3B6E3}.Debug|Any CPU.Build.0 = Debug|Any CPU
		{D522A7F2-F8AD-454D-B064-F0F9B9E3B6E3}.Release|Any CPU.ActiveCfg = Release|Any CPU
		{D522A7F2-F8AD-454D-B064-F0F9B9E3B6E3}.Release|Any CPU.Build.0 = Release|Any CPU
		{F2679D9D-14F5-4295-9966-F191BDB9937B}.Debug|Any CPU.ActiveCfg = Debug|Any CPU
		{F2679D9D-14F5-4295-9966-F191BDB9937B}.Debug|Any CPU.Build.0 = Debug|Any CPU
		{F2679D9D-14F5-4295-9966-F191BDB9937B}.Release|Any CPU.ActiveCfg = Release|Any CPU
		{F2679D9D-14F5-4295-9966-F191BDB9937B}.Release|Any CPU.Build.0 = Release|Any CPU
		{D9F88E56-04AB-472D-9202-1DDCB40C7A36}.Debug|Any CPU.ActiveCfg = Debug|Any CPU
		{D9F88E56-04AB-472D-9202-1DDCB40C7A36}.Debug|Any CPU.Build.0 = Debug|Any CPU
		{D9F88E56-04AB-472D-9202-1DDCB40C7A36}.Release|Any CPU.ActiveCfg = Release|Any CPU
		{D9F88E56-04AB-472D-9202-1DDCB40C7A36}.Release|Any CPU.Build.0 = Release|Any CPU
		{300A7085-6F85-47E6-A56D-9E4E2B1F15DD}.Debug|Any CPU.ActiveCfg = Debug|Any CPU
		{300A7085-6F85-47E6-A56D-9E4E2B1F15DD}.Debug|Any CPU.Build.0 = Debug|Any CPU
		{300A7085-6F85-47E6-A56D-9E4E2B1F15DD}.Release|Any CPU.ActiveCfg = Release|Any CPU
		{300A7085-6F85-47E6-A56D-9E4E2B1F15DD}.Release|Any CPU.Build.0 = Release|Any CPU
		{AC5974DF-E79F-4799-856C-8CDB692D0AD2}.Debug|Any CPU.ActiveCfg = Debug|Any CPU
		{AC5974DF-E79F-4799-856C-8CDB692D0AD2}.Debug|Any CPU.Build.0 = Debug|Any CPU
		{AC5974DF-E79F-4799-856C-8CDB692D0AD2}.Release|Any CPU.ActiveCfg = Release|Any CPU
		{AC5974DF-E79F-4799-856C-8CDB692D0AD2}.Release|Any CPU.Build.0 = Release|Any CPU
		{E5A8455A-24C9-48E6-B2B3-EA8CEED5E0FE}.Debug|Any CPU.ActiveCfg = Debug|Any CPU
		{E5A8455A-24C9-48E6-B2B3-EA8CEED5E0FE}.Debug|Any CPU.Build.0 = Debug|Any CPU
		{E5A8455A-24C9-48E6-B2B3-EA8CEED5E0FE}.Release|Any CPU.ActiveCfg = Release|Any CPU
		{E5A8455A-24C9-48E6-B2B3-EA8CEED5E0FE}.Release|Any CPU.Build.0 = Release|Any CPU
		{A6086351-0F40-4C3F-A338-2F11E654D69E}.Debug|Any CPU.ActiveCfg = Debug|Any CPU
		{A6086351-0F40-4C3F-A338-2F11E654D69E}.Debug|Any CPU.Build.0 = Debug|Any CPU
		{A6086351-0F40-4C3F-A338-2F11E654D69E}.Release|Any CPU.ActiveCfg = Release|Any CPU
		{A6086351-0F40-4C3F-A338-2F11E654D69E}.Release|Any CPU.Build.0 = Release|Any CPU
		{95A3A6D3-0F7B-4EF5-B3DE-8544110902C5}.Debug|Any CPU.ActiveCfg = Debug|Any CPU
		{95A3A6D3-0F7B-4EF5-B3DE-8544110902C5}.Debug|Any CPU.Build.0 = Debug|Any CPU
		{95A3A6D3-0F7B-4EF5-B3DE-8544110902C5}.Release|Any CPU.ActiveCfg = Release|Any CPU
		{95A3A6D3-0F7B-4EF5-B3DE-8544110902C5}.Release|Any CPU.Build.0 = Release|Any CPU
		{B9F792B4-D9AF-467B-AA28-99531FE87D11}.Debug|Any CPU.ActiveCfg = Debug|Any CPU
		{B9F792B4-D9AF-467B-AA28-99531FE87D11}.Debug|Any CPU.Build.0 = Debug|Any CPU
		{B9F792B4-D9AF-467B-AA28-99531FE87D11}.Release|Any CPU.ActiveCfg = Release|Any CPU
		{B9F792B4-D9AF-467B-AA28-99531FE87D11}.Release|Any CPU.Build.0 = Release|Any CPU
	EndGlobalSection
	GlobalSection(SolutionProperties) = preSolution
		HideSolutionNode = FALSE
	EndGlobalSection
	GlobalSection(ExtensibilityGlobals) = postSolution
		EnterpriseLibraryConfigurationToolBinariesPath = packages\Unity.2.1.505.2\lib\NET35
	EndGlobalSection
EndGlobal
