
Microsoft Visual Studio Solution File, Format Version 12.00
# Visual Studio 2012
Project("{FAE04EC0-301F-11D3-BF4B-00C04F79EFBC}") = "Application.Web.UI", "Application.Web.UI\Application.Web.UI.csproj", "{32EF8C60-FC02-4E34-9FBA-C052B6508229}"
EndProject
Project("{FAE04EC0-301F-11D3-BF4B-00C04F79EFBC}") = "Application.Web.UI.Tests", "Application.Web.UI.Tests\Application.Web.UI.Tests.csproj", "{D522A7F2-F8AD-454D-B064-F0F9B9E3B6E3}"
EndProject
Project("{2150E333-8FDC-42A3-9474-1A3956D46DE8}") = ".nuget", ".nuget", "{BFA23D36-C3E4-419E-BC48-F4FB7BF3ABA1}"
	ProjectSection(SolutionItems) = preProject
		.nuget\packages.config = .nuget\packages.config
	EndProjectSection
EndProject
Project("{FAE04EC0-301F-11D3-BF4B-00C04F79EFBC}") = "LocalisationResourcesConverter.Console", "LocalisationResourcesConverter.Console\LocalisationResourcesConverter.Console.csproj", "{F2679D9D-14F5-4295-9966-F191BDB9937B}"
EndProject
Global
	GlobalSection(SolutionConfigurationPlatforms) = preSolution
		Debug|Any CPU = Debug|Any CPU
		Release|Any CPU = Release|Any CPU
	EndGlobalSection
	GlobalSection(ProjectConfigurationPlatforms) = postSolution
		{32EF8C60-FC02-4E34-9FBA-C052B6508229}.Debug|Any CPU.ActiveCfg = Debug|Any CPU
		{32EF8C60-FC02-4E34-9FBA-C052B6508229}.Debug|Any CPU.Build.0 = Debug|Any CPU
		{32EF8C60-FC02-4E34-9FBA-C052B6508229}.Release|Any CPU.ActiveCfg = Release|Any CPU
		{32EF8C60-FC02-4E34-9FBA-C052B6508229}.Release|Any CPU.Build.0 = Release|Any CPU
		{D522A7F2-F8AD-454D-B064-F0F9B9E3B6E3}.Debug|Any CPU.ActiveCfg = Debug|Any CPU
		{D522A7F2-F8AD-454D-B064-F0F9B9E3B6E3}.Debug|Any CPU.Build.0 = Debug|Any CPU
		{D522A7F2-F8AD-454D-B064-F0F9B9E3B6E3}.Release|Any CPU.ActiveCfg = Release|Any CPU
		{D522A7F2-F8AD-454D-B064-F0F9B9E3B6E3}.Release|Any CPU.Build.0 = Release|Any CPU
		{F2679D9D-14F5-4295-9966-F191BDB9937B}.Debug|Any CPU.ActiveCfg = Debug|Any CPU
		{F2679D9D-14F5-4295-9966-F191BDB9937B}.Debug|Any CPU.Build.0 = Debug|Any CPU
		{F2679D9D-14F5-4295-9966-F191BDB9937B}.Release|Any CPU.ActiveCfg = Release|Any CPU
		{F2679D9D-14F5-4295-9966-F191BDB9937B}.Release|Any CPU.Build.0 = Release|Any CPU
	EndGlobalSection
	GlobalSection(SolutionProperties) = preSolution
		HideSolutionNode = FALSE
	EndGlobalSection
EndGlobal
